<?xml version="1.0" encoding="utf-8"?>
<Project ToolsVersion="4.0" xmlns="http://schemas.microsoft.com/developer/msbuild/2003">
  <ItemGroup>
    <Filter Include="Source Files">
      <UniqueIdentifier>{4FC737F1-C7A5-4376-A066-2A32D752A2FF}</UniqueIdentifier>
      <Extensions>cpp;c;cc;cxx;def;odl;idl;hpj;bat;asm;asmx</Extensions>
    </Filter>
    <Filter Include="Header Files">
      <UniqueIdentifier>{93995380-89BD-4b04-88EB-625FBE52EBFB}</UniqueIdentifier>
      <Extensions>h;hpp;hxx;hm;inl;inc;xsd</Extensions>
    </Filter>
    <Filter Include="Resource Files">
      <UniqueIdentifier>{67DA6AB6-F800-4c08-8B7A-83BB121AAD01}</UniqueIdentifier>
      <Extensions>rc;ico;cur;bmp;dlg;rc2;rct;bin;rgs;gif;jpg;jpeg;jpe;resx;tiff;tif;png;wav;mfcribbon-ms</Extensions>
    </Filter>
    <Filter Include="Source Files\blocks">
      <UniqueIdentifier>{870a5f20-960c-468d-972e-b58632ca9da4}</UniqueIdentifier>
    </Filter>
    <Filter Include="Header Files\blocks">
      <UniqueIdentifier>{f8adaa3c-7ce8-4860-8fb2-305620e4f527}</UniqueIdentifier>
    </Filter>
    <Filter Include="Header Files\worldgen">
      <UniqueIdentifier>{67561735-9ec3-4f30-bc24-0c9768904c82}</UniqueIdentifier>
    </Filter>
    <Filter Include="Source Files\worldgen">
      <UniqueIdentifier>{df9fe047-e832-4669-b0be-34ad4724c27b}</UniqueIdentifier>
    </Filter>
    <Filter Include="Header Files\config">
      <UniqueIdentifier>{0baca56f-782f-4238-ba00-017805fc77d9}</UniqueIdentifier>
    </Filter>
    <Filter Include="Source Files\config">
      <UniqueIdentifier>{95555770-77f1-4062-bc60-1316f8fb0126}</UniqueIdentifier>
    </Filter>
    <Filter Include="Header Files\items">
      <UniqueIdentifier>{b267b476-9ab6-46df-9a96-31f41bbbbc3b}</UniqueIdentifier>
    </Filter>
    <Filter Include="Source Files\items">
      <UniqueIdentifier>{aefe9250-04b8-4fba-81c9-5a99749255a5}</UniqueIdentifier>
    </Filter>
  </ItemGroup>
  <ItemGroup>
    <ClCompile Include="..\src\user.cpp">
      <Filter>Source Files</Filter>
    </ClCompile>
    <ClCompile Include="..\src\mineserver.cpp">
      <Filter>Source Files</Filter>
    </ClCompile>
    <ClCompile Include="..\src\map.cpp">
      <Filter>Source Files</Filter>
    </ClCompile>
    <ClCompile Include="..\src\chat.cpp">
      <Filter>Source Files</Filter>
    </ClCompile>
    <ClCompile Include="..\src\nbt.cpp">
      <Filter>Source Files</Filter>
    </ClCompile>
    <ClCompile Include="..\src\tools.cpp">
      <Filter>Source Files</Filter>
    </ClCompile>
    <ClCompile Include="..\src\logger.cpp">
      <Filter>Source Files</Filter>
    </ClCompile>
    <ClCompile Include="..\src\sockets.cpp">
      <Filter>Source Files</Filter>
    </ClCompile>
    <ClCompile Include="..\src\packets.cpp">
      <Filter>Source Files</Filter>
    </ClCompile>
    <ClCompile Include="..\src\constants.cpp">
      <Filter>Source Files</Filter>
    </ClCompile>
    <ClCompile Include="..\src\physics.cpp">
      <Filter>Source Files</Filter>
    </ClCompile>
    <ClCompile Include="..\src\plugin.cpp">
      <Filter>Source Files</Filter>
    </ClCompile>
    <ClCompile Include="..\src\blocks\door.cpp">
      <Filter>Source Files\blocks</Filter>
    </ClCompile>
    <ClCompile Include="..\src\blocks\falling.cpp">
      <Filter>Source Files\blocks</Filter>
    </ClCompile>
    <ClCompile Include="..\src\blocks\fire.cpp">
      <Filter>Source Files\blocks</Filter>
    </ClCompile>
    <ClCompile Include="..\src\blocks\liquid.cpp">
      <Filter>Source Files\blocks</Filter>
    </ClCompile>
    <ClCompile Include="..\src\blocks\plant.cpp">
      <Filter>Source Files\blocks</Filter>
    </ClCompile>
    <ClCompile Include="..\src\blocks\sign.cpp">
      <Filter>Source Files\blocks</Filter>
    </ClCompile>
    <ClCompile Include="..\src\blocks\snow.cpp">
      <Filter>Source Files\blocks</Filter>
    </ClCompile>
    <ClCompile Include="..\src\blocks\stair.cpp">
      <Filter>Source Files\blocks</Filter>
    </ClCompile>
    <ClCompile Include="..\src\blocks\torch.cpp">
      <Filter>Source Files\blocks</Filter>
    </ClCompile>
    <ClCompile Include="..\src\worldgen\mapgen.cpp">
      <Filter>Source Files\worldgen</Filter>
    </ClCompile>
    <ClCompile Include="..\src\worldgen\cavegen.cpp">
      <Filter>Source Files\worldgen</Filter>
    </ClCompile>
    <ClCompile Include="..\src\blocks\default.cpp">
      <Filter>Source Files\blocks</Filter>
    </ClCompile>
    <ClCompile Include="..\src\blocks\basic.cpp">
      <Filter>Source Files\blocks</Filter>
    </ClCompile>
    <ClCompile Include="..\src\furnaceManager.cpp">
      <Filter>Source Files</Filter>
    </ClCompile>
    <ClCompile Include="..\src\furnace.cpp">
      <Filter>Source Files</Filter>
    </ClCompile>
    <ClCompile Include="..\src\blocks\chest.cpp">
      <Filter>Source Files\blocks</Filter>
    </ClCompile>
    <ClCompile Include="..\src\blocks\tracks.cpp">
      <Filter>Source Files\blocks</Filter>
    </ClCompile>
    <ClCompile Include="..\src\tree.cpp">
      <Filter>Source Files</Filter>
    </ClCompile>
    <ClCompile Include="..\src\inventory.cpp">
      <Filter>Source Files</Filter>
    </ClCompile>
    <ClCompile Include="..\src\config\scanner.cpp">
      <Filter>Source Files\config</Filter>
    </ClCompile>
    <ClCompile Include="..\src\config\lexer.cpp">
      <Filter>Source Files\config</Filter>
    </ClCompile>
    <ClCompile Include="..\src\config\node.cpp">
      <Filter>Source Files\config</Filter>
    </ClCompile>
    <ClCompile Include="..\src\config\parser.cpp">
      <Filter>Source Files\config</Filter>
    </ClCompile>
    <ClCompile Include="..\src\plugin_api.cpp">
      <Filter>Source Files</Filter>
    </ClCompile>
    <ClCompile Include="..\src\screenBase.cpp">
      <Filter>Source Files</Filter>
    </ClCompile>
    <ClCompile Include="..\src\cliScreen.cpp">
      <Filter>Source Files</Filter>
    </ClCompile>
    <ClCompile Include="..\src\blocks\ladder.cpp">
      <Filter>Source Files\blocks</Filter>
    </ClCompile>
    <ClCompile Include="..\src\lighting.cpp">
      <Filter>Source Files</Filter>
    </ClCompile>
    <ClCompile Include="..\src\blocks\cake.cpp">
      <Filter>Source Files\blocks</Filter>
    </ClCompile>
    <ClCompile Include="..\src\worldgen\heavengen.cpp">
      <Filter>Source Files\worldgen</Filter>
    </ClCompile>
    <ClCompile Include="..\src\worldgen\nethergen.cpp">
      <Filter>Source Files\worldgen</Filter>
    </ClCompile>
    <ClCompile Include="..\src\mob.cpp">
      <Filter>Source Files</Filter>
    </ClCompile>
    <ClCompile Include="..\src\blocks\note.cpp">
      <Filter>Source Files\blocks</Filter>
    </ClCompile>
    <ClCompile Include="..\src\blocks\workbench.cpp">
      <Filter>Source Files\blocks</Filter>
    </ClCompile>
    <ClCompile Include="..\src\blocks\blockfurnace.cpp">
      <Filter>Source Files\blocks</Filter>
    </ClCompile>
    <ClCompile Include="..\src\items\food.cpp">
      <Filter>Source Files\items</Filter>
    </ClCompile>
    <ClCompile Include="..\src\items\itembasic.cpp">
      <Filter>Source Files\items</Filter>
    </ClCompile>
    <ClCompile Include="..\src\items\projectile.cpp">
      <Filter>Source Files\items</Filter>
    </ClCompile>
    <ClCompile Include="..\src\worldgen\biomegen.cpp">
      <Filter>Source Files\worldgen</Filter>
    </ClCompile>
    <ClCompile Include="..\src\blocks\redstone.cpp">
      <Filter>Source Files\blocks</Filter>
    </ClCompile>
    <ClCompile Include="..\src\mcregion.cpp">
      <Filter>Source Files</Filter>
    </ClCompile>
    <ClCompile Include="..\src\worldgen\eximgen.cpp">
      <Filter>Source Files\worldgen</Filter>
    </ClCompile>
    <ClCompile Include="..\src\blocks\leaves.cpp">
      <Filter>Source Files\blocks</Filter>
    </ClCompile>
    <ClCompile Include="..\src\blocks\pumpkin.cpp">
      <Filter>Source Files\blocks</Filter>
    </ClCompile>
    <ClCompile Include="..\src\blocks\bed.cpp">
      <Filter>Source Files\blocks</Filter>
    </ClCompile>
    <ClCompile Include="..\src\blocks\step.cpp">
      <Filter>Source Files\blocks</Filter>
    </ClCompile>
    <ClCompile Include="..\src\blocks\jackolantern.cpp">
      <Filter>Source Files\blocks</Filter>
    </ClCompile>
    <ClCompile Include="..\src\blocks\wool.cpp">
      <Filter>Source Files\blocks</Filter>
    </ClCompile>
    <ClCompile Include="..\src\blocks\wood.cpp">
      <Filter>Source Files\blocks</Filter>
    </ClCompile>
    <ClCompile Include="..\src\blocks\tnt.cpp">
      <Filter>Source Files\blocks</Filter>
    </ClCompile>
    <ClCompile Include="..\src\blocks\ice.cpp">
      <Filter>Source Files\blocks</Filter>
    </ClCompile>
    <ClCompile Include="..\src\metadata.cpp">
      <Filter>Source Files</Filter>
    </ClCompile>
    <ClCompile Include="..\src\random.cpp">
      <Filter>Source Files</Filter>
    </ClCompile>
    <ClCompile Include="..\src\signalhandler.cpp">
      <Filter>Source Files</Filter>
    </ClCompile>
  </ItemGroup>
  <ItemGroup>
    <ClInclude Include="..\src\blocks\door.h">
      <Filter>Header Files\blocks</Filter>
    </ClInclude>
    <ClInclude Include="..\src\blocks\falling.h">
      <Filter>Header Files\blocks</Filter>
    </ClInclude>
    <ClInclude Include="..\src\blocks\fire.h">
      <Filter>Header Files\blocks</Filter>
    </ClInclude>
    <ClInclude Include="..\src\blocks\liquid.h">
      <Filter>Header Files\blocks</Filter>
    </ClInclude>
    <ClInclude Include="..\src\blocks\plant.h">
      <Filter>Header Files\blocks</Filter>
    </ClInclude>
    <ClInclude Include="..\src\blocks\sign.h">
      <Filter>Header Files\blocks</Filter>
    </ClInclude>
    <ClInclude Include="..\src\blocks\snow.h">
      <Filter>Header Files\blocks</Filter>
    </ClInclude>
    <ClInclude Include="..\src\blocks\stair.h">
      <Filter>Header Files\blocks</Filter>
    </ClInclude>
    <ClInclude Include="..\src\blocks\torch.h">
      <Filter>Header Files\blocks</Filter>
    </ClInclude>
    <ClInclude Include="..\src\worldgen\mapgen.h">
      <Filter>Header Files\worldgen</Filter>
    </ClInclude>
    <ClInclude Include="..\src\worldgen\cavegen.h">
      <Filter>Header Files\worldgen</Filter>
    </ClInclude>
    <ClInclude Include="..\src\blocks\default.h">
      <Filter>Header Files\blocks</Filter>
    </ClInclude>
    <ClInclude Include="..\src\blocks\basic.h">
      <Filter>Header Files\blocks</Filter>
    </ClInclude>
    <ClInclude Include="..\src\blocks\chest.h">
      <Filter>Header Files\blocks</Filter>
    </ClInclude>
    <ClInclude Include="..\src\blocks\tracks.h">
      <Filter>Header Files\blocks</Filter>
    </ClInclude>
    <ClInclude Include="..\src\config\scanner.h">
      <Filter>Header Files\config</Filter>
    </ClInclude>
    <ClInclude Include="..\src\config\lexer.h">
      <Filter>Header Files\config</Filter>
    </ClInclude>
    <ClInclude Include="..\src\config\node.h">
      <Filter>Header Files\config</Filter>
    </ClInclude>
    <ClInclude Include="..\src\config\parser.h">
      <Filter>Header Files\config</Filter>
    </ClInclude>
    <ClInclude Include="..\src\blocks\ladder.h">
      <Filter>Header Files\blocks</Filter>
    </ClInclude>
    <ClInclude Include="..\src\blocks\cake.h">
      <Filter>Header Files\blocks</Filter>
    </ClInclude>
    <ClInclude Include="..\src\worldgen\heavengen.h">
      <Filter>Header Files\worldgen</Filter>
    </ClInclude>
    <ClInclude Include="..\src\worldgen\nethergen.h">
      <Filter>Header Files\worldgen</Filter>
    </ClInclude>
    <ClInclude Include="..\src\blocks\note.h">
      <Filter>Header Files\blocks</Filter>
    </ClInclude>
    <ClInclude Include="..\src\blocks\workbench.h">
      <Filter>Header Files\blocks</Filter>
    </ClInclude>
    <ClInclude Include="..\src\blocks\blockfurnace.h">
      <Filter>Header Files\blocks</Filter>
    </ClInclude>
    <ClInclude Include="..\src\items\food.h">
      <Filter>Header Files\items</Filter>
    </ClInclude>
    <ClInclude Include="..\src\items\itembasic.h">
      <Filter>Header Files\items</Filter>
    </ClInclude>
    <ClInclude Include="..\src\items\projectile.h">
      <Filter>Header Files\items</Filter>
    </ClInclude>
    <ClInclude Include="..\src\worldgen\biomegen.h">
      <Filter>Header Files\worldgen</Filter>
    </ClInclude>
    <ClInclude Include="..\src\blocks\redstone.h">
      <Filter>Header Files\blocks</Filter>
    </ClInclude>
    <ClInclude Include="..\src\worldgen\eximgen.h">
      <Filter>Header Files\worldgen</Filter>
    </ClInclude>
    <ClInclude Include="..\src\blocks\leaves.h">
      <Filter>Header Files\blocks</Filter>
    </ClInclude>
    <ClInclude Include="..\src\blocks\pumpkin.h">
      <Filter>Header Files\blocks</Filter>
    </ClInclude>
    <ClInclude Include="..\src\blocks\bed.h">
      <Filter>Header Files\blocks</Filter>
    </ClInclude>
    <ClInclude Include="..\src\blocks\step.h">
      <Filter>Header Files\blocks</Filter>
    </ClInclude>
    <ClInclude Include="..\src\blocks\wool.h">
      <Filter>Header Files\blocks</Filter>
    </ClInclude>
    <ClInclude Include="..\src\blocks\wood.h">
      <Filter>Header Files\blocks</Filter>
    </ClInclude>
    <ClInclude Include="..\src\blocks\ice.h">
      <Filter>Header Files\blocks</Filter>
    </ClInclude>
    <ClInclude Include="..\src\blocks\tnt.h">
      <Filter>Header Files\blocks</Filter>
    </ClInclude>
    <ClInclude Include="..\src\blocks\jackolantern.h">
      <Filter>Header Files\blocks</Filter>
    </ClInclude>
    <ClInclude Include="..\include\vec.h">
      <Filter>Header Files</Filter>
    </ClInclude>
    <ClInclude Include="..\include\chat.h">
      <Filter>Header Files</Filter>
    </ClInclude>
    <ClInclude Include="..\include\chunkmap.h">
      <Filter>Header Files</Filter>
    </ClInclude>
    <ClInclude Include="..\include\cliScreen.h">
      <Filter>Header Files</Filter>
    </ClInclude>
    <ClInclude Include="..\include\config.h">
      <Filter>Header Files</Filter>
    </ClInclude>
    <ClInclude Include="..\include\constants.h">
      <Filter>Header Files</Filter>
    </ClInclude>
    <ClInclude Include="..\include\constants_num.h">
      <Filter>Header Files</Filter>
    </ClInclude>
    <ClInclude Include="..\include\furnace.h">
      <Filter>Header Files</Filter>
    </ClInclude>
    <ClInclude Include="..\include\furnaceManager.h">
      <Filter>Header Files</Filter>
    </ClInclude>
    <ClInclude Include="..\include\hook.h">
      <Filter>Header Files</Filter>
    </ClInclude>
    <ClInclude Include="..\include\inventory.h">
      <Filter>Header Files</Filter>
    </ClInclude>
    <ClInclude Include="..\include\lighting.h">
      <Filter>Header Files</Filter>
    </ClInclude>
    <ClInclude Include="..\include\logger.h">
      <Filter>Header Files</Filter>
    </ClInclude>
    <ClInclude Include="..\include\logtype.h">
      <Filter>Header Files</Filter>
    </ClInclude>
    <ClInclude Include="..\include\map.h">
      <Filter>Header Files</Filter>
    </ClInclude>
    <ClInclude Include="..\include\mcregion.h">
      <Filter>Header Files</Filter>
    </ClInclude>
    <ClInclude Include="..\include\metadata.h">
      <Filter>Header Files</Filter>
    </ClInclude>
    <ClInclude Include="..\include\mineserver.h">
      <Filter>Header Files</Filter>
    </ClInclude>
    <ClInclude Include="..\include\mob.h">
      <Filter>Header Files</Filter>
    </ClInclude>
    <ClInclude Include="..\include\nbt.h">
      <Filter>Header Files</Filter>
    </ClInclude>
    <ClInclude Include="..\include\packets.h">
      <Filter>Header Files</Filter>
    </ClInclude>
    <ClInclude Include="..\include\permissions.h">
      <Filter>Header Files</Filter>
    </ClInclude>
    <ClInclude Include="..\include\physics.h">
      <Filter>Header Files</Filter>
    </ClInclude>
    <ClInclude Include="..\include\plugin.h">
      <Filter>Header Files</Filter>
    </ClInclude>
    <ClInclude Include="..\include\plugin_api.h">
      <Filter>Header Files</Filter>
    </ClInclude>
    <ClInclude Include="..\include\protocol.h">
      <Filter>Header Files</Filter>
    </ClInclude>
    <ClInclude Include="..\include\random.h">
      <Filter>Header Files</Filter>
    </ClInclude>
    <ClInclude Include="..\include\screenBase.h">
      <Filter>Header Files</Filter>
    </ClInclude>
    <ClInclude Include="..\include\sockets.h">
      <Filter>Header Files</Filter>
    </ClInclude>
    <ClInclude Include="..\include\tools.h">
      <Filter>Header Files</Filter>
    </ClInclude>
    <ClInclude Include="..\include\tr1.h">
      <Filter>Header Files</Filter>
    </ClInclude>
    <ClInclude Include="..\include\tree.h">
      <Filter>Header Files</Filter>
    </ClInclude>
    <ClInclude Include="..\include\user.h">
      <Filter>Header Files</Filter>
    </ClInclude>
    <ClInclude Include="..\include\utf8.h">
      <Filter>Header Files</Filter>
    </ClInclude>
    <ClInclude Include="..\include\signalhandler.h">
      <Filter>Header Files</Filter>
    </ClInclude>
  </ItemGroup>
</Project>